// !$*UTF8*$!
{
	archiveVersion = 1;
	classes = {
	};
	objectVersion = 56;
	objects = {

/* Begin PBXBuildFile section */
		A10000010000000000000001 /* ThirdWheelNativeApp.swift in Sources */ = {isa = PBXBuildFile; fileRef = A20000010000000000000001 /* ThirdWheelNativeApp.swift */; };
		A10000010000000000000002 /* AppConfig.swift in Sources */ = {isa = PBXBuildFile; fileRef = A20000010000000000000002 /* AppConfig.swift */; };
		A10000010000000000000003 /* BrandStyle.swift in Sources */ = {isa = PBXBuildFile; fileRef = A20000010000000000000003 /* BrandStyle.swift */; };
		A10000010000000000000004 /* Models.swift in Sources */ = {isa = PBXBuildFile; fileRef = A20000010000000000000004 /* Models.swift */; };
		A10000010000000000000005 /* APIClient.swift in Sources */ = {isa = PBXBuildFile; fileRef = A20000010000000000000005 /* APIClient.swift */; };
		A10000010000000000000006 /* KeychainTokenStore.swift in Sources */ = {isa = PBXBuildFile; fileRef = A20000010000000000000006 /* KeychainTokenStore.swift */; };
		A10000010000000000000007 /* SessionStore.swift in Sources */ = {isa = PBXBuildFile; fileRef = A20000010000000000000007 /* SessionStore.swift */; };
		A10000010000000000000008 /* LocationPermissionManager.swift in Sources */ = {isa = PBXBuildFile; fileRef = A20000010000000000000008 /* LocationPermissionManager.swift */; };
		A10000010000000000000009 /* UIComponents.swift in Sources */ = {isa = PBXBuildFile; fileRef = A20000010000000000000009 /* UIComponents.swift */; };
		A1000001000000000000000A /* RootView.swift in Sources */ = {isa = PBXBuildFile; fileRef = A2000001000000000000000A /* RootView.swift */; };
		A1000001000000000000000B /* AuthView.swift in Sources */ = {isa = PBXBuildFile; fileRef = A2000001000000000000000B /* AuthView.swift */; };
		A1000001000000000000000C /* DiscoverView.swift in Sources */ = {isa = PBXBuildFile; fileRef = A2000001000000000000000C /* DiscoverView.swift */; };
		A1000001000000000000000D /* MatchesView.swift in Sources */ = {isa = PBXBuildFile; fileRef = A2000001000000000000000D /* MatchesView.swift */; };
		A1000001000000000000000E /* EventsView.swift in Sources */ = {isa = PBXBuildFile; fileRef = A2000001000000000000000E /* EventsView.swift */; };
		A1000001000000000000000F /* ProfileView.swift in Sources */ = {isa = PBXBuildFile; fileRef = A2000001000000000000000F /* ProfileView.swift */; };
		A10000010000000000000010 /* Assets.xcassets in Resources */ = {isa = PBXBuildFile; fileRef = A20000010000000000000010 /* Assets.xcassets */; };
		A10000010000000000000011 /* SavedProfilesView.swift in Sources */ = {isa = PBXBuildFile; fileRef = A20000010000000000000013 /* SavedProfilesView.swift */; };
		A10000010000000000000012 /* ProfileDetailView.swift in Sources */ = {isa = PBXBuildFile; fileRef = A20000010000000000000014 /* ProfileDetailView.swift */; };
		A10000010000000000000013 /* ImpressMeModels.swift in Sources */ = {isa = PBXBuildFile; fileRef = A20000010000000000000015 /* ImpressMeModels.swift */; };
		A10000010000000000000014 /* ImpressMeView.swift in Sources */ = {isa = PBXBuildFile; fileRef = A20000010000000000000016 /* ImpressMeView.swift */; };
		A10000010000000000000015 /* ImpressMeRespondView.swift in Sources */ = {isa = PBXBuildFile; fileRef = A20000010000000000000017 /* ImpressMeRespondView.swift */; };
		A10000010000000000000016 /* ImpressMeReviewView.swift in Sources */ = {isa = PBXBuildFile; fileRef = A20000010000000000000018 /* ImpressMeReviewView.swift */; };
		A10000010000000000000017 /* CoupleLinkCard.swift in Sources */ = {isa = PBXBuildFile; fileRef = A20000010000000000000019 /* CoupleLinkCard.swift */; };
/* End PBXBuildFile section */

/* Begin PBXFileReference section */
		A20000010000000000000001 /* ThirdWheelNativeApp.swift */ = {isa = PBXFileReference; lastKnownFileType = sourcecode.swift; path = ThirdWheelNativeApp.swift; sourceTree = "<group>"; };
		A20000010000000000000002 /* AppConfig.swift */ = {isa = PBXFileReference; lastKnownFileType = sourcecode.swift; path = AppConfig.swift; sourceTree = "<group>"; };
		A20000010000000000000003 /* BrandStyle.swift */ = {isa = PBXFileReference; lastKnownFileType = sourcecode.swift; path = BrandStyle.swift; sourceTree = "<group>"; };
		A20000010000000000000004 /* Models.swift */ = {isa = PBXFileReference; lastKnownFileType = sourcecode.swift; path = Models.swift; sourceTree = "<group>"; };
		A20000010000000000000005 /* APIClient.swift */ = {isa = PBXFileReference; lastKnownFileType = sourcecode.swift; path = APIClient.swift; sourceTree = "<group>"; };
		A20000010000000000000006 /* KeychainTokenStore.swift */ = {isa = PBXFileReference; lastKnownFileType = sourcecode.swift; path = KeychainTokenStore.swift; sourceTree = "<group>"; };
		A20000010000000000000007 /* SessionStore.swift */ = {isa = PBXFileReference; lastKnownFileType = sourcecode.swift; path = SessionStore.swift; sourceTree = "<group>"; };
		A20000010000000000000008 /* LocationPermissionManager.swift */ = {isa = PBXFileReference; lastKnownFileType = sourcecode.swift; path = LocationPermissionManager.swift; sourceTree = "<group>"; };
		A20000010000000000000009 /* UIComponents.swift */ = {isa = PBXFileReference; lastKnownFileType = sourcecode.swift; path = UIComponents.swift; sourceTree = "<group>"; };
		A2000001000000000000000A /* RootView.swift */ = {isa = PBXFileReference; lastKnownFileType = sourcecode.swift; path = RootView.swift; sourceTree = "<group>"; };
		A2000001000000000000000B /* AuthView.swift */ = {isa = PBXFileReference; lastKnownFileType = sourcecode.swift; path = AuthView.swift; sourceTree = "<group>"; };
		A2000001000000000000000C /* DiscoverView.swift */ = {isa = PBXFileReference; lastKnownFileType = sourcecode.swift; path = DiscoverView.swift; sourceTree = "<group>"; };
		A2000001000000000000000D /* MatchesView.swift */ = {isa = PBXFileReference; lastKnownFileType = sourcecode.swift; path = MatchesView.swift; sourceTree = "<group>"; };
		A2000001000000000000000E /* EventsView.swift */ = {isa = PBXFileReference; lastKnownFileType = sourcecode.swift; path = EventsView.swift; sourceTree = "<group>"; };
		A2000001000000000000000F /* ProfileView.swift */ = {isa = PBXFileReference; lastKnownFileType = sourcecode.swift; path = ProfileView.swift; sourceTree = "<group>"; };
		A20000010000000000000010 /* Assets.xcassets */ = {isa = PBXFileReference; lastKnownFileType = folder.assetcatalog; path = Assets.xcassets; sourceTree = "<group>"; };
		A20000010000000000000011 /* Info.plist */ = {isa = PBXFileReference; lastKnownFileType = text.plist.xml; path = Info.plist; sourceTree = "<group>"; };
		A20000010000000000000012 /* ThirdWheelNative.app */ = {isa = PBXFileReference; explicitFileType = wrapper.application; includeInIndex = 0; path = ThirdWheelNative.app; sourceTree = BUILT_PRODUCTS_DIR; };
		A20000010000000000000013 /* SavedProfilesView.swift */ = {isa = PBXFileReference; lastKnownFileType = sourcecode.swift; path = SavedProfilesView.swift; sourceTree = "<group>"; };
		A20000010000000000000014 /* ProfileDetailView.swift */ = {isa = PBXFileReference; lastKnownFileType = sourcecode.swift; path = ProfileDetailView.swift; sourceTree = "<group>"; };
		A20000010000000000000015 /* ImpressMeModels.swift */ = {isa = PBXFileReference; lastKnownFileType = sourcecode.swift; path = ImpressMeModels.swift; sourceTree = "<group>"; };
		A20000010000000000000016 /* ImpressMeView.swift */ = {isa = PBXFileReference; lastKnownFileType = sourcecode.swift; path = ImpressMeView.swift; sourceTree = "<group>"; };
		A20000010000000000000017 /* ImpressMeRespondView.swift */ = {isa = PBXFileReference; lastKnownFileType = sourcecode.swift; path = ImpressMeRespondView.swift; sourceTree = "<group>"; };
		A20000010000000000000018 /* ImpressMeReviewView.swift */ = {isa = PBXFileReference; lastKnownFileType = sourcecode.swift; path = ImpressMeReviewView.swift; sourceTree = "<group>"; };
		A20000010000000000000019 /* CoupleLinkCard.swift */ = {isa = PBXFileReference; lastKnownFileType = sourcecode.swift; path = CoupleLinkCard.swift; sourceTree = "<group>"; };
/* End PBXFileReference section */

/* Begin PBXFrameworksBuildPhase section */
		A30000010000000000000001 /* Frameworks */ = {
			isa = PBXFrameworksBuildPhase;
			buildActionMask = 2147483647;
			files = (
			);
			runOnlyForDeploymentPostprocessing = 0;
		};
/* End PBXFrameworksBuildPhase section */

/* Begin PBXGroup section */
		A40000010000000000000001 = {
			isa = PBXGroup;
			children = (
				A40000010000000000000002 /* ThirdWheelNative */,
				A40000010000000000000003 /* Products */,
			);
			sourceTree = "<group>";
		};
		A40000010000000000000002 /* ThirdWheelNative */ = {
			isa = PBXGroup;
			children = (
				A20000010000000000000002 /* AppConfig.swift */,
				A20000010000000000000003 /* BrandStyle.swift */,
				A20000010000000000000004 /* Models.swift */,
				A20000010000000000000005 /* APIClient.swift */,
				A20000010000000000000006 /* KeychainTokenStore.swift */,
				A20000010000000000000007 /* SessionStore.swift */,
				A20000010000000000000008 /* LocationPermissionManager.swift */,
				A20000010000000000000009 /* UIComponents.swift */,
				A2000001000000000000000A /* RootView.swift */,
				A2000001000000000000000B /* AuthView.swift */,
				A2000001000000000000000C /* DiscoverView.swift */,
				A2000001000000000000000D /* MatchesView.swift */,
				A2000001000000000000000E /* EventsView.swift */,
				A2000001000000000000000F /* ProfileView.swift */,
				A20000010000000000000013 /* SavedProfilesView.swift */,
				A20000010000000000000014 /* ProfileDetailView.swift */,
				A20000010000000000000015 /* ImpressMeModels.swift */,
				A20000010000000000000016 /* ImpressMeView.swift */,
				A20000010000000000000017 /* ImpressMeRespondView.swift */,
				A20000010000000000000018 /* ImpressMeReviewView.swift */,
				A20000010000000000000019 /* CoupleLinkCard.swift */,
				A20000010000000000000001 /* ThirdWheelNativeApp.swift */,
				A20000010000000000000010 /* Assets.xcassets */,
				A20000010000000000000011 /* Info.plist */,
			);
			path = ThirdWheelNative;
			sourceTree = "<group>";
		};
		A40000010000000000000003 /* Products */ = {
			isa = PBXGroup;
			children = (
				A20000010000000000000012 /* ThirdWheelNative.app */,
			);
			name = Products;
			sourceTree = "<group>";
		};
/* End PBXGroup section */

/* Begin PBXNativeTarget section */
		A50000010000000000000001 /* ThirdWheelNative */ = {
			isa = PBXNativeTarget;
			buildConfigurationList = A80000010000000000000003 /* Build configuration list for PBXNativeTarget "ThirdWheelNative" */;
			buildPhases = (
				A30000010000000000000002 /* Sources */,
				A30000010000000000000001 /* Frameworks */,
				A30000010000000000000003 /* Resources */,
			);
			buildRules = (
			);
			dependencies = (
			);
			name = ThirdWheelNative;
			productName = ThirdWheelNative;
			productReference = A20000010000000000000012 /* ThirdWheelNative.app */;
			productType = "com.apple.product-type.application";
		};
/* End PBXNativeTarget section */

/* Begin PBXProject section */
		A60000010000000000000001 /* Project object */ = {
			isa = PBXProject;
			attributes = {
				BuildIndependentTargetsInParallel = 1;
				LastSwiftUpdateCheck = 1600;
				LastUpgradeCheck = 1600;
				TargetAttributes = {
					A50000010000000000000001 = {
						CreatedOnToolsVersion = 16.0;
					};
				};
			};
			buildConfigurationList = A80000010000000000000001 /* Build configuration list for PBXProject "ThirdWheelNative" */;
			compatibilityVersion = "Xcode 15.0";
			developmentRegion = en;
			hasScannedForEncodings = 0;
			knownRegions = (
				en,
				Base,
			);
			mainGroup = A40000010000000000000001;
			productRefGroup = A40000010000000000000003 /* Products */;
			projectDirPath = "";
			projectRoot = "";
			targets = (
				A50000010000000000000001 /* ThirdWheelNative */,
			);
		};
/* End PBXProject section */

/* Begin PBXResourcesBuildPhase section */
		A30000010000000000000003 /* Resources */ = {
			isa = PBXResourcesBuildPhase;
			buildActionMask = 2147483647;
			files = (
				A10000010000000000000010 /* Assets.xcassets in Resources */,
			);
			runOnlyForDeploymentPostprocessing = 0;
		};
/* End PBXResourcesBuildPhase section */

/* Begin PBXSourcesBuildPhase section */
		A30000010000000000000002 /* Sources */ = {
			isa = PBXSourcesBuildPhase;
			buildActionMask = 2147483647;
			files = (
				A10000010000000000000002 /* AppConfig.swift in Sources */,
				A10000010000000000000003 /* BrandStyle.swift in Sources */,
				A10000010000000000000004 /* Models.swift in Sources */,
				A10000010000000000000005 /* APIClient.swift in Sources */,
				A10000010000000000000006 /* KeychainTokenStore.swift in Sources */,
				A10000010000000000000007 /* SessionStore.swift in Sources */,
				A10000010000000000000008 /* LocationPermissionManager.swift in Sources */,
				A10000010000000000000009 /* UIComponents.swift in Sources */,
				A1000001000000000000000A /* RootView.swift in Sources */,
				A1000001000000000000000B /* AuthView.swift in Sources */,
				A1000001000000000000000C /* DiscoverView.swift in Sources */,
				A1000001000000000000000D /* MatchesView.swift in Sources */,
				A1000001000000000000000E /* EventsView.swift in Sources */,
				A1000001000000000000000F /* ProfileView.swift in Sources */,
				A10000010000000000000011 /* SavedProfilesView.swift in Sources */,
				A10000010000000000000012 /* ProfileDetailView.swift in Sources */,
				A10000010000000000000013 /* ImpressMeModels.swift in Sources */,
				A10000010000000000000014 /* ImpressMeView.swift in Sources */,
				A10000010000000000000015 /* ImpressMeRespondView.swift in Sources */,
				A10000010000000000000016 /* ImpressMeReviewView.swift in Sources */,
				A10000010000000000000017 /* CoupleLinkCard.swift in Sources */,
				A10000010000000000000001 /* ThirdWheelNativeApp.swift in Sources */,
			);
			runOnlyForDeploymentPostprocessing = 0;
		};
/* End PBXSourcesBuildPhase section */

/* Begin XCBuildConfiguration section */
		A70000010000000000000001 /* Debug */ = {
			isa = XCBuildConfiguration;
			buildSettings = {
				ALWAYS_SEARCH_USER_PATHS = NO;
				CLANG_ANALYZER_NONNULL = YES;
				CLANG_ANALYZER_NUMBER_OBJECT_CONVERSION = YES_AGGRESSIVE;
				CLANG_ENABLE_MODULES = YES;
				CLANG_ENABLE_OBJC_ARC = YES;
				CLANG_WARN_BLOCK_CAPTURE_AUTORELEASING = YES;
				CLANG_WARN_BOOL_CONVERSION = YES;
				CLANG_WARN_COMMA = YES;
				CLANG_WARN_CONSTANT_CONVERSION = YES;
				CLANG_WARN_DEPRECATED_OBJC_IMPLEMENTATIONS = YES;
				CLANG_WARN_DIRECT_OBJC_ISA_USAGE = YES_ERROR;
				CLANG_WARN_DOCUMENTATION_COMMENTS = YES;
				CLANG_WARN_EMPTY_BODY = YES;
				CLANG_WARN_ENUM_CONVERSION = YES;
				CLANG_WARN_INFINITE_RECURSION = YES;
				CLANG_WARN_INT_CONVERSION = YES;
				CLANG_WARN_NON_LITERAL_NULL_CONVERSION = YES;
				CLANG_WARN_OBJC_IMPLICIT_RETAIN_SELF = YES;
				CLANG_WARN_OBJC_LITERAL_CONVERSION = YES;
				CLANG_WARN_OBJC_ROOT_CLASS = YES_ERROR;
				CLANG_WARN_QUOTED_INCLUDE_IN_FRAMEWORK_HEADER = YES;
				CLANG_WARN_RANGE_LOOP_ANALYSIS = YES;
				CLANG_WARN_STRICT_PROTOTYPES = YES;
				CLANG_WARN_SUSPICIOUS_MOVE = YES;
				CLANG_WARN_UNGUARDED_AVAILABILITY = YES_AGGRESSIVE;
				CLANG_WARN_UNREACHABLE_CODE = YES;
				CLANG_WARN__DUPLICATE_METHOD_MATCH = YES;
				COPY_PHASE_STRIP = NO;
				DEBUG_INFORMATION_FORMAT = dwarf;
				ENABLE_STRICT_OBJC_MSGSEND = YES;
				ENABLE_TESTABILITY = YES;
				GCC_C_LANGUAGE_STANDARD = gnu17;
				GCC_DYNAMIC_NO_PIC = NO;
				GCC_NO_COMMON_BLOCKS = YES;
				GCC_OPTIMIZATION_LEVEL = 0;
				GCC_PREPROCESSOR_DEFINITIONS = (
					"DEBUG=1",
					"$(inherited)",
				);
				GCC_WARN_64_TO_32_BIT_CONVERSION = YES;
				GCC_WARN_ABOUT_RETURN_TYPE = YES_ERROR;
				GCC_WARN_UNDECLARED_SELECTOR = YES;
				GCC_WARN_UNINITIALIZED_AUTOS = YES_AGGRESSIVE;
				GCC_WARN_UNUSED_FUNCTION = YES;
				GCC_WARN_UNUSED_VARIABLE = YES;
				IPHONEOS_DEPLOYMENT_TARGET = 16.0;
				MTL_ENABLE_DEBUG_INFO = INCLUDE_SOURCE;
				MTL_FAST_MATH = YES;
				ONLY_ACTIVE_ARCH = YES;
				SDKROOT = iphoneos;
				SWIFT_ACTIVE_COMPILATION_CONDITIONS = DEBUG;
				SWIFT_OPTIMIZATION_LEVEL = "-Onone";
			};
			name = Debug;
		};
		A70000010000000000000002 /* Release */ = {
			isa = XCBuildConfiguration;
			buildSettings = {
				ALWAYS_SEARCH_USER_PATHS = NO;
				CLANG_ANALYZER_NONNULL = YES;
				CLANG_ANALYZER_NUMBER_OBJECT_CONVERSION = YES_AGGRESSIVE;
				CLANG_ENABLE_MODULES = YES;
				CLANG_ENABLE_OBJC_ARC = YES;
				CLANG_WARN_BLOCK_CAPTURE_AUTORELEASING = YES;
				CLANG_WARN_BOOL_CONVERSION = YES;
				CLANG_WARN_COMMA = YES;
				CLANG_WARN_CONSTANT_CONVERSION = YES;
				CLANG_WARN_DEPRECATED_OBJC_IMPLEMENTATIONS = YES;
				CLANG_WARN_DIRECT_OBJC_ISA_USAGE = YES_ERROR;
				CLANG_WARN_DOCUMENTATION_COMMENTS = YES;
				CLANG_WARN_EMPTY_BODY = YES;
				CLANG_WARN_ENUM_CONVERSION = YES;
				CLANG_WARN_INFINITE_RECURSION = YES;
				CLANG_WARN_INT_CONVERSION = YES;
				CLANG_WARN_NON_LITERAL_NULL_CONVERSION = YES;
				CLANG_WARN_OBJC_IMPLICIT_RETAIN_SELF = YES;
				CLANG_WARN_OBJC_LITERAL_CONVERSION = YES;
				CLANG_WARN_OBJC_ROOT_CLASS = YES_ERROR;
				CLANG_WARN_QUOTED_INCLUDE_IN_FRAMEWORK_HEADER = YES;
				CLANG_WARN_RANGE_LOOP_ANALYSIS = YES;
				CLANG_WARN_STRICT_PROTOTYPES = YES;
				CLANG_WARN_SUSPICIOUS_MOVE = YES;
				CLANG_WARN_UNGUARDED_AVAILABILITY = YES_AGGRESSIVE;
				CLANG_WARN_UNREACHABLE_CODE = YES;
				CLANG_WARN__DUPLICATE_METHOD_MATCH = YES;
				COPY_PHASE_STRIP = NO;
				DEBUG_INFORMATION_FORMAT = "dwarf-with-dsym";
				ENABLE_NS_ASSERTIONS = NO;
				ENABLE_STRICT_OBJC_MSGSEND = YES;
				GCC_C_LANGUAGE_STANDARD = gnu17;
				GCC_NO_COMMON_BLOCKS = YES;
				GCC_WARN_64_TO_32_BIT_CONVERSION = YES;
				GCC_WARN_ABOUT_RETURN_TYPE = YES_ERROR;
				GCC_WARN_UNDECLARED_SELECTOR = YES;
				GCC_WARN_UNINITIALIZED_AUTOS = YES_AGGRESSIVE;
				GCC_WARN_UNUSED_FUNCTION = YES;
				GCC_WARN_UNUSED_VARIABLE = YES;
				IPHONEOS_DEPLOYMENT_TARGET = 16.0;
				MTL_FAST_MATH = YES;
				SDKROOT = iphoneos;
				SWIFT_COMPILATION_MODE = wholemodule;
				VALIDATE_PRODUCT = YES;
			};
			name = Release;
		};
		A70000010000000000000003 /* Debug */ = {
			isa = XCBuildConfiguration;
			buildSettings = {
				ASSETCATALOG_COMPILER_APPICON_NAME = AppIcon;
				ASSETCATALOG_COMPILER_GLOBAL_ACCENT_COLOR_NAME = AccentColor;
				CODE_SIGN_STYLE = Automatic;
				CURRENT_PROJECT_VERSION = 1;
				DEVELOPMENT_TEAM = "";
				GENERATE_INFOPLIST_FILE = NO;
				INFOPLIST_FILE = ThirdWheelNative/Info.plist;
				IPHONEOS_DEPLOYMENT_TARGET = 16.0;
				LD_RUNPATH_SEARCH_PATHS = (
					"$(inherited)",
					"@executable_path/Frameworks",
				);
				MARKETING_VERSION = 1.0;
				PRODUCT_BUNDLE_IDENTIFIER = com.thirdwheel.iosnative;
				PRODUCT_NAME = "$(TARGET_NAME)";
				SUPPORTED_PLATFORMS = "iphoneos iphonesimulator";
				SWIFT_EMIT_LOC_STRINGS = YES;
				SWIFT_VERSION = 5.0;
				TARGETED_DEVICE_FAMILY = 1;
			};
			name = Debug;
		};
		A70000010000000000000004 /* Release */ = {
			isa = XCBuildConfiguration;
			buildSettings = {
				ASSETCATALOG_COMPILER_APPICON_NAME = AppIcon;
				ASSETCATALOG_COMPILER_GLOBAL_ACCENT_COLOR_NAME = AccentColor;
				CODE_SIGN_STYLE = Automatic;
				CURRENT_PROJECT_VERSION = 1;
				DEVELOPMENT_TEAM = "";
				GENERATE_INFOPLIST_FILE = NO;
				INFOPLIST_FILE = ThirdWheelNative/Info.plist;
				IPHONEOS_DEPLOYMENT_TARGET = 16.0;
				LD_RUNPATH_SEARCH_PATHS = (
					"$(inherited)",
					"@executable_path/Frameworks",
				);
				MARKETING_VERSION = 1.0;
				PRODUCT_BUNDLE_IDENTIFIER = com.thirdwheel.iosnative;
				PRODUCT_NAME = "$(TARGET_NAME)";
				SUPPORTED_PLATFORMS = "iphoneos iphonesimulator";
				SWIFT_EMIT_LOC_STRINGS = YES;
				SWIFT_VERSION = 5.0;
				TARGETED_DEVICE_FAMILY = 1;
			};
			name = Release;
		};
/* End XCBuildConfiguration section */

/* Begin XCConfigurationList section */
		A80000010000000000000001 /* Build configuration list for PBXProject "ThirdWheelNative" */ = {
			isa = XCConfigurationList;
			buildConfigurations = (
				A70000010000000000000001 /* Debug */,
				A70000010000000000000002 /* Release */,
			);
			defaultConfigurationIsVisible = 0;
			defaultConfigurationName = Release;
		};
		A80000010000000000000003 /* Build configuration list for PBXNativeTarget "ThirdWheelNative" */ = {
			isa = XCConfigurationList;
			buildConfigurations = (
				A70000010000000000000003 /* Debug */,
				A70000010000000000000004 /* Release */,
			);
			defaultConfigurationIsVisible = 0;
			defaultConfigurationName = Release;
		};
/* End XCConfigurationList section */
	};
	rootObject = A60000010000000000000001 /* Project object */;
}
